
Microsoft Visual Studio Solution File, Format Version 12.00
# Visual Studio Version 17
VisualStudioVersion = 17.5.002.0
MinimumVisualStudioVersion = 10.0.40219.1
Project("{9A19103F-16F7-4668-BE54-9A1E7A4F7556}") = "raylib-tetris-cs", "raylib-tetris-cs.csproj", "{DCC4FCB2-D4E8-416C-8FA8-89F6BF0D6952}"
EndProject
Global
	GlobalSection(SolutionConfigurationPlatforms) = preSolution
		Debug|Any CPU = Debug|Any CPU
		Release|Any CPU = Release|Any CPU
	EndGlobalSection
	GlobalSection(ProjectConfigurationPlatforms) = postSolution
		{DCC4FCB2-D4E8-416C-8FA8-89F6BF0D6952}.Debug|Any CPU.ActiveCfg = Debug|Any CPU
		{DCC4FCB2-D4E8-416C-8FA8-89F6BF0D6952}.Debug|Any CPU.Build.0 = Debug|Any CPU
		{DCC4FCB2-D4E8-416C-8FA8-89F6BF0D6952}.Release|Any CPU.ActiveCfg = Release|Any CPU
		{DCC4FCB2-D4E8-416C-8FA8-89F6BF0D6952}.Release|Any CPU.Build.0 = Release|Any CPU
	EndGlobalSection
	GlobalSection(SolutionProperties) = preSolution
		HideSolutionNode = FALSE
	EndGlobalSection
	GlobalSection(ExtensibilityGlobals) = postSolution
		SolutionGuid = {C04B2080-DB49-449C-9792-981DC64FF341}
	EndGlobalSection
EndGlobal
